
Microsoft Visual Studio Solution File, Format Version 12.00
# Visual Studio 15
VisualStudioVersion = 15.0.27428.2043
MinimumVisualStudioVersion = 10.0.40219.1
Project("{FAE04EC0-301F-11D3-BF4B-00C04F79EFBC}") = "FewerHeadInjuries", "FewerHeadInjuries.csproj", "{78406142-C63C-4D25-8E38-D16703EE676B}"
EndProject
Global
	GlobalSection(SolutionConfigurationPlatforms) = preSolution
		Debug|Any CPU = Debug|Any CPU
		Release|Any CPU = Release|Any CPU
	EndGlobalSection
	GlobalSection(ProjectConfigurationPlatforms) = postSolution
		{78406142-C63C-4D25-8E38-D16703EE676B}.Debug|Any CPU.ActiveCfg = Debug|Any CPU
		{78406142-C63C-4D25-8E38-D16703EE676B}.Debug|Any CPU.Build.0 = Debug|Any CPU
		{78406142-C63C-4D25-8E38-D16703EE676B}.Release|Any CPU.ActiveCfg = Release|Any CPU
		{78406142-C63C-4D25-8E38-D16703EE676B}.Release|Any CPU.Build.0 = Release|Any CPU
	EndGlobalSection
	GlobalSection(SolutionProperties) = preSolution
		HideSolutionNode = FALSE
	EndGlobalSection
	GlobalSection(ExtensibilityGlobals) = postSolution
		SolutionGuid = {DB68E80B-2188-4B82-B70A-48BBD3503406}
	EndGlobalSection
EndGlobal
